
Microsoft Visual Studio Solution File, Format Version 12.00
# Visual Studio Version 17
VisualStudioVersion = 17.1.32319.34
MinimumVisualStudioVersion = 10.0.40219.1
Project("{FAE04EC0-301F-11D3-BF4B-00C04F79EFBC}") = "AkbilYonetim", "AkbilYonetim\AkbilYonetim.csproj", "{0C16F268-1380-4F19-A96B-1DFB0DA89DE6}"
EndProject
Global
	GlobalSection(SolutionConfigurationPlatforms) = preSolution
		Debug|Any CPU = Debug|Any CPU
		Release|Any CPU = Release|Any CPU
	EndGlobalSection
	GlobalSection(ProjectConfigurationPlatforms) = postSolution
		{0C16F268-1380-4F19-A96B-1DFB0DA89DE6}.Debug|Any CPU.ActiveCfg = Debug|Any CPU
		{0C16F268-1380-4F19-A96B-1DFB0DA89DE6}.Debug|Any CPU.Build.0 = Debug|Any CPU
		{0C16F268-1380-4F19-A96B-1DFB0DA89DE6}.Release|Any CPU.ActiveCfg = Release|Any CPU
		{0C16F268-1380-4F19-A96B-1DFB0DA89DE6}.Release|Any CPU.Build.0 = Release|Any CPU
	EndGlobalSection
	GlobalSection(SolutionProperties) = preSolution
		HideSolutionNode = FALSE
	EndGlobalSection
	GlobalSection(ExtensibilityGlobals) = postSolution
		SolutionGuid = {83676CA6-A560-4E83-A191-55D794B450F3}
	EndGlobalSection
EndGlobal
